hash: 692dd63a477847870bba339106e8d1379251a9be241050dbecf2125ab3d7bfa1
updated: 2019-03-12T13:58:18.60849754+03:00
imports:
- name: github.com/asaskevich/govalidator
  version: 521b25f4b05fd26bec69d9dedeb8f9c9a83939a8
- name: github.com/aws/aws-sdk-go
  version: f2bb620afb315242706942e6ca4c7d26ee5ed627
  subpackages:
  - aws
  - aws/awserr
  - aws/awsutil
  - aws/client
  - aws/client/metadata
  - aws/corehandlers
  - aws/credentials
  - aws/credentials/ec2rolecreds
  - aws/credentials/endpointcreds
  - aws/credentials/processcreds
  - aws/credentials/stscreds
  - aws/csm
  - aws/defaults
  - aws/ec2metadata
  - aws/endpoints
  - aws/request
  - aws/session
  - aws/signer/v4
  - internal/ini
  - internal/sdkio
  - internal/sdkrand
  - internal/sdkuri
  - internal/shareddefaults
  - private/protocol
  - private/protocol/json/jsonutil
  - private/protocol/jsonrpc
  - private/protocol/query
  - private/protocol/query/queryutil
  - private/protocol/rest
  - private/protocol/xml/xmlutil
  - service/kinesis
  - service/sts
- name: github.com/beorn7/perks
  version: 3a771d992973f24aa725d07868b467d1ddfceafb
  subpackages:
  - quantile
- name: github.com/dgrijalva/jwt-go
  version: 06ea1031745cb8b3dab3f6a236daf2b0aa468b7e
- name: github.com/globalsign/mgo
  version: eeefdecb41b842af6dc652aaea4026e8403e62df
  subpackages:
  - bson
  - internal/json
- name: github.com/go-openapi/analysis
  version: 7c1bef8f6d9fa6148ce0d8a0ebf5339a084a6639
  subpackages:
  - internal
- name: github.com/go-openapi/errors
  version: b2b2befaf267d082d779bcef52d682a47c779517
- name: github.com/go-openapi/jsonpointer
  version: 3a0015ad55fa9873f41605d3e8f28cd279c32ab2
- name: github.com/go-openapi/jsonreference
  version: 3fb327e6747da3043567ee86abd02bb6376b6be2
- name: github.com/go-openapi/loads
  version: 2a2b323bab96e6b1fdee110e57d959322446e9c9
- name: github.com/go-openapi/runtime
  version: 9a3091f566c0811ef4d54b535179bc0fc484a11f
- name: github.com/go-openapi/spec
  version: 384415f06ee238aae1df5caad877de6ceac3a5c4
- name: github.com/go-openapi/strfmt
  version: 35fe47352985e13cc75f13120d70d26fd764ed51
- name: github.com/go-openapi/swag
  version: becd2f08beafcca035645a8a101e0e3e18140458
- name: github.com/go-openapi/validate
  version: 7c1911976134d3a24d0c03127505163c9f16aa3b
- name: github.com/golang/protobuf
  version: aa810b61a9c79d51363740d207bb46cf8e620ed5
  subpackages:
  - proto
- name: github.com/jmespath/go-jmespath
  version: c2b33e8439af944379acbdd9c3a5fe0bc44bd8a5
- name: github.com/jpillora/backoff
  version: 8eab2debe79d12b7bd3d10653910df25fa9552ba
- name: github.com/lib/pq
  version: 90697d60dd844d5ef6ff15135d0203f65d2f53b8
  subpackages:
  - oid
- name: github.com/mailru/easyjson
  version: 03f2033d19d5860aef995fe360ac7d395cd8ce65
  subpackages:
  - buffer
  - jlexer
  - jwriter
- name: github.com/matttproud/golang_protobuf_extensions
  version: c12348ce28de40eed0136aa2b644d0ee0650e56c
  subpackages:
  - pbutil
- name: github.com/mitchellh/mapstructure
  version: fa473d140ef3c6adf42d6b391fe76707f1f243c8
- name: github.com/prometheus/client_golang
  version: 505eaef017263e299324067d40ca2c48f6a2cf50
  subpackages:
  - prometheus
  - prometheus/internal
- name: github.com/prometheus/client_model
  version: 5c3871d89910bfb32f5fcab2aa4b9ec68e65a99f
  subpackages:
  - go
- name: github.com/prometheus/common
  version: c7de2306084e37d54b8be01f3541a8464345e9a5
  subpackages:
  - expfmt
  - internal/bitbucket.org/ww/goautoneg
  - model
- name: github.com/prometheus/procfs
  version: 05ee40e3a273f7245e8777337fc7b46e533a9a92
  subpackages:
  - internal/util
  - nfs
  - xfs
- name: github.com/PuerkitoBio/purell
  version: 975f53781597ed779763b7b65566e74c4004d8de
- name: github.com/PuerkitoBio/urlesc
  version: de5bf2ad457846296e2031421a34e2568e304e35
- name: github.com/rcrowley/go-metrics
  version: 3113b8401b8a98917cde58f8bbd42a1b1c03b1fd
- name: github.com/satori/go.uuid
  version: f58768cc1a7a7e77a3bd49e98cdd21419399b6a3
- name: github.com/stretchr/testify
  version: f35b8ab0b5a2cef36673838d662e249dd9c94686
  subpackages:
  - assert
  - require
- name: go.uber.org/atomic
  version: 1ea20fb1cbb1cc08cbd0d913a96dead89aa18289
- name: go.uber.org/multierr
  version: 3c4937480c32f4c13a875a1829af76c98ca3d40a
- name: go.uber.org/zap
  version: ff33455a0e382e8a81d14dd7c922020b6b5e7982
  subpackages:
  - buffer
  - internal/bufferpool
  - internal/color
  - internal/exit
  - zapcore
- name: golang.org/x/net
  version: aaf60122140d3fcf75376d319f0554393160eb50
  subpackages:
  - context
  - idna
- name: golang.org/x/text
  version: 6e3c4e7365ddcc329f090f96e4348398f6310088
  subpackages:
  - secure/bidirule
  - transform
  - unicode/bidi
  - unicode/norm
  - width
- name: gopkg.in/yaml.v2
  version: 5420a8b6744d3b0345ab293f6fcba19c978f1183
testImports:
- name: github.com/davecgh/go-spew
  version: 8991bc29aa16c548c550c7ff78260e27b9ab7c73
  subpackages:
  - spew
- name: github.com/pmezard/go-difflib
  version: 792786c7400a136282c1664665ae0a8db921c6c2
  subpackages:
  - difflib
